// !$*UTF8*$!
{
	archiveVersion = 1;
	classes = {
	};
	objectVersion = 56;
	objects = {

/* Begin PBXBuildFile section */
		159AB07F2C4C2FAB006C809B /* SwiftToMermaidApp.swift in Sources */ = {isa = PBXBuildFile; fileRef = 159AB07E2C4C2FAB006C809B /* SwiftToMermaidApp.swift */; };
		159AB0812C4C2FAB006C809B /* ContentView.swift in Sources */ = {isa = PBXBuildFile; fileRef = 159AB0802C4C2FAB006C809B /* ContentView.swift */; };
		159AB0832C4C2FAD006C809B /* Assets.xcassets in Resources */ = {isa = PBXBuildFile; fileRef = 159AB0822C4C2FAD006C809B /* Assets.xcassets */; };
		159AB0872C4C2FAD006C809B /* Preview Assets.xcassets in Resources */ = {isa = PBXBuildFile; fileRef = 159AB0862C4C2FAD006C809B /* Preview Assets.xcassets */; };
		159AB0912C4C2FAD006C809B /* SwiftToMermaidTests.swift in Sources */ = {isa = PBXBuildFile; fileRef = 159AB0902C4C2FAD006C809B /* SwiftToMermaidTests.swift */; };
		159AB09B2C4C2FAD006C809B /* SwiftToMermaidUITests.swift in Sources */ = {isa = PBXBuildFile; fileRef = 159AB09A2C4C2FAD006C809B /* SwiftToMermaidUITests.swift */; };
		159AB09D2C4C2FAD006C809B /* SwiftToMermaidUITestsLaunchTests.swift in Sources */ = {isa = PBXBuildFile; fileRef = 159AB09C2C4C2FAD006C809B /* SwiftToMermaidUITestsLaunchTests.swift */; };
/* End PBXBuildFile section */

/* Begin PBXContainerItemProxy section */
		159AB08D2C4C2FAD006C809B /* PBXContainerItemProxy */ = {
			isa = PBXContainerItemProxy;
			containerPortal = 159AB0732C4C2FAB006C809B /* Project object */;
			proxyType = 1;
			remoteGlobalIDString = 159AB07A2C4C2FAB006C809B;
			remoteInfo = SwiftToMermaid;
		};
		159AB0972C4C2FAD006C809B /* PBXContainerItemProxy */ = {
			isa = PBXContainerItemProxy;
			containerPortal = 159AB0732C4C2FAB006C809B /* Project object */;
			proxyType = 1;
			remoteGlobalIDString = 159AB07A2C4C2FAB006C809B;
			remoteInfo = SwiftToMermaid;
		};
/* End PBXContainerItemProxy section */

/* Begin PBXFileReference section */
		159AB07B2C4C2FAB006C809B /* SwiftToMermaid.app */ = {isa = PBXFileReference; explicitFileType = wrapper.application; includeInIndex = 0; path = SwiftToMermaid.app; sourceTree = BUILT_PRODUCTS_DIR; };
		159AB07E2C4C2FAB006C809B /* SwiftToMermaidApp.swift */ = {isa = PBXFileReference; lastKnownFileType = sourcecode.swift; path = SwiftToMermaidApp.swift; sourceTree = "<group>"; };
		159AB0802C4C2FAB006C809B /* ContentView.swift */ = {isa = PBXFileReference; lastKnownFileType = sourcecode.swift; path = ContentView.swift; sourceTree = "<group>"; };
		159AB0822C4C2FAD006C809B /* Assets.xcassets */ = {isa = PBXFileReference; lastKnownFileType = folder.assetcatalog; path = Assets.xcassets; sourceTree = "<group>"; };
		159AB0842C4C2FAD006C809B /* SwiftToMermaid.entitlements */ = {isa = PBXFileReference; lastKnownFileType = text.plist.entitlements; path = SwiftToMermaid.entitlements; sourceTree = "<group>"; };
		159AB0862C4C2FAD006C809B /* Preview Assets.xcassets */ = {isa = PBXFileReference; lastKnownFileType = folder.assetcatalog; path = "Preview Assets.xcassets"; sourceTree = "<group>"; };
		159AB08C2C4C2FAD006C809B /* SwiftToMermaidTests.xctest */ = {isa = PBXFileReference; explicitFileType = wrapper.cfbundle; includeInIndex = 0; path = SwiftToMermaidTests.xctest; sourceTree = BUILT_PRODUCTS_DIR; };
		159AB0902C4C2FAD006C809B /* SwiftToMermaidTests.swift */ = {isa = PBXFileReference; lastKnownFileType = sourcecode.swift; path = SwiftToMermaidTests.swift; sourceTree = "<group>"; };
		159AB0962C4C2FAD006C809B /* SwiftToMermaidUITests.xctest */ = {isa = PBXFileReference; explicitFileType = wrapper.cfbundle; includeInIndex = 0; path = SwiftToMermaidUITests.xctest; sourceTree = BUILT_PRODUCTS_DIR; };
		159AB09A2C4C2FAD006C809B /* SwiftToMermaidUITests.swift */ = {isa = PBXFileReference; lastKnownFileType = sourcecode.swift; path = SwiftToMermaidUITests.swift; sourceTree = "<group>"; };
		159AB09C2C4C2FAD006C809B /* SwiftToMermaidUITestsLaunchTests.swift */ = {isa = PBXFileReference; lastKnownFileType = sourcecode.swift; path = SwiftToMermaidUITestsLaunchTests.swift; sourceTree = "<group>"; };
/* End PBXFileReference section */

/* Begin PBXFrameworksBuildPhase section */
		159AB0782C4C2FAB006C809B /* Frameworks */ = {
			isa = PBXFrameworksBuildPhase;
			buildActionMask = 2147483647;
			files = (
			);
			runOnlyForDeploymentPostprocessing = 0;
		};
		159AB0892C4C2FAD006C809B /* Frameworks */ = {
			isa = PBXFrameworksBuildPhase;
			buildActionMask = 2147483647;
			files = (
			);
			runOnlyForDeploymentPostprocessing = 0;
		};
		159AB0932C4C2FAD006C809B /* Frameworks */ = {
			isa = PBXFrameworksBuildPhase;
			buildActionMask = 2147483647;
			files = (
			);
			runOnlyForDeploymentPostprocessing = 0;
		};
/* End PBXFrameworksBuildPhase section */

/* Begin PBXGroup section */
		159AB0722C4C2FAB006C809B = {
			isa = PBXGroup;
			children = (
				159AB07D2C4C2FAB006C809B /* SwiftToMermaid */,
				159AB08F2C4C2FAD006C809B /* SwiftToMermaidTests */,
				159AB0992C4C2FAD006C809B /* SwiftToMermaidUITests */,
				159AB07C2C4C2FAB006C809B /* Products */,
			);
			sourceTree = "<group>";
		};
		159AB07C2C4C2FAB006C809B /* Products */ = {
			isa = PBXGroup;
			children = (
				159AB07B2C4C2FAB006C809B /* SwiftToMermaid.app */,
				159AB08C2C4C2FAD006C809B /* SwiftToMermaidTests.xctest */,
				159AB0962C4C2FAD006C809B /* SwiftToMermaidUITests.xctest */,
			);
			name = Products;
			sourceTree = "<group>";
		};
		159AB07D2C4C2FAB006C809B /* SwiftToMermaid */ = {
			isa = PBXGroup;
			children = (
				159AB07E2C4C2FAB006C809B /* SwiftToMermaidApp.swift */,
				159AB0802C4C2FAB006C809B /* ContentView.swift */,
				159AB0822C4C2FAD006C809B /* Assets.xcassets */,
				159AB0842C4C2FAD006C809B /* SwiftToMermaid.entitlements */,
				159AB0852C4C2FAD006C809B /* Preview Content */,
			);
			path = SwiftToMermaid;
			sourceTree = "<group>";
		};
		159AB0852C4C2FAD006C809B /* Preview Content */ = {
			isa = PBXGroup;
			children = (
				159AB0862C4C2FAD006C809B /* Preview Assets.xcassets */,
			);
			path = "Preview Content";
			sourceTree = "<group>";
		};
		159AB08F2C4C2FAD006C809B /* SwiftToMermaidTests */ = {
			isa = PBXGroup;
			children = (
				159AB0902C4C2FAD006C809B /* SwiftToMermaidTests.swift */,
			);
			path = SwiftToMermaidTests;
			sourceTree = "<group>";
		};
		159AB0992C4C2FAD006C809B /* SwiftToMermaidUITests */ = {
			isa = PBXGroup;
			children = (
				159AB09A2C4C2FAD006C809B /* SwiftToMermaidUITests.swift */,
				159AB09C2C4C2FAD006C809B /* SwiftToMermaidUITestsLaunchTests.swift */,
			);
			path = SwiftToMermaidUITests;
			sourceTree = "<group>";
		};
/* End PBXGroup section */

/* Begin PBXNativeTarget section */
		159AB07A2C4C2FAB006C809B /* SwiftToMermaid */ = {
			isa = PBXNativeTarget;
			buildConfigurationList = 159AB0A02C4C2FAD006C809B /* Build configuration list for PBXNativeTarget "SwiftToMermaid" */;
			buildPhases = (
				159AB0772C4C2FAB006C809B /* Sources */,
				159AB0782C4C2FAB006C809B /* Frameworks */,
				159AB0792C4C2FAB006C809B /* Resources */,
			);
			buildRules = (
			);
			dependencies = (
			);
			name = SwiftToMermaid;
			productName = SwiftToMermaid;
			productReference = 159AB07B2C4C2FAB006C809B /* SwiftToMermaid.app */;
			productType = "com.apple.product-type.application";
		};
		159AB08B2C4C2FAD006C809B /* SwiftToMermaidTests */ = {
			isa = PBXNativeTarget;
			buildConfigurationList = 159AB0A32C4C2FAD006C809B /* Build configuration list for PBXNativeTarget "SwiftToMermaidTests" */;
			buildPhases = (
				159AB0882C4C2FAD006C809B /* Sources */,
				159AB0892C4C2FAD006C809B /* Frameworks */,
				159AB08A2C4C2FAD006C809B /* Resources */,
			);
			buildRules = (
			);
			dependencies = (
				159AB08E2C4C2FAD006C809B /* PBXTargetDependency */,
			);
			name = SwiftToMermaidTests;
			productName = SwiftToMermaidTests;
			productReference = 159AB08C2C4C2FAD006C809B /* SwiftToMermaidTests.xctest */;
			productType = "com.apple.product-type.bundle.unit-test";
		};
		159AB0952C4C2FAD006C809B /* SwiftToMermaidUITests */ = {
			isa = PBXNativeTarget;
			buildConfigurationList = 159AB0A62C4C2FAD006C809B /* Build configuration list for PBXNativeTarget "SwiftToMermaidUITests" */;
			buildPhases = (
				159AB0922C4C2FAD006C809B /* Sources */,
				159AB0932C4C2FAD006C809B /* Frameworks */,
				159AB0942C4C2FAD006C809B /* Resources */,
			);
			buildRules = (
			);
			dependencies = (
				159AB0982C4C2FAD006C809B /* PBXTargetDependency */,
			);
			name = SwiftToMermaidUITests;
			productName = SwiftToMermaidUITests;
			productReference = 159AB0962C4C2FAD006C809B /* SwiftToMermaidUITests.xctest */;
			productType = "com.apple.product-type.bundle.ui-testing";
		};
/* End PBXNativeTarget section */

/* Begin PBXProject section */
		159AB0732C4C2FAB006C809B /* Project object */ = {
			isa = PBXProject;
			attributes = {
				BuildIndependentTargetsInParallel = 1;
				LastSwiftUpdateCheck = 1540;
				LastUpgradeCheck = 1540;
				TargetAttributes = {
					159AB07A2C4C2FAB006C809B = {
						CreatedOnToolsVersion = 15.4;
					};
					159AB08B2C4C2FAD006C809B = {
						CreatedOnToolsVersion = 15.4;
						TestTargetID = 159AB07A2C4C2FAB006C809B;
					};
					159AB0952C4C2FAD006C809B = {
						CreatedOnToolsVersion = 15.4;
						TestTargetID = 159AB07A2C4C2FAB006C809B;
					};
				};
			};
			buildConfigurationList = 159AB0762C4C2FAB006C809B /* Build configuration list for PBXProject "SwiftToMermaid" */;
			compatibilityVersion = "Xcode 14.0";
			developmentRegion = en;
			hasScannedForEncodings = 0;
			knownRegions = (
				en,
				Base,
			);
			mainGroup = 159AB0722C4C2FAB006C809B;
			productRefGroup = 159AB07C2C4C2FAB006C809B /* Products */;
			projectDirPath = "";
			projectRoot = "";
			targets = (
				159AB07A2C4C2FAB006C809B /* SwiftToMermaid */,
				159AB08B2C4C2FAD006C809B /* SwiftToMermaidTests */,
				159AB0952C4C2FAD006C809B /* SwiftToMermaidUITests */,
			);
		};
/* End PBXProject section */

/* Begin PBXResourcesBuildPhase section */
		159AB0792C4C2FAB006C809B /* Resources */ = {
			isa = PBXResourcesBuildPhase;
			buildActionMask = 2147483647;
			files = (
				159AB0872C4C2FAD006C809B /* Preview Assets.xcassets in Resources */,
				159AB0832C4C2FAD006C809B /* Assets.xcassets in Resources */,
			);
			runOnlyForDeploymentPostprocessing = 0;
		};
		159AB08A2C4C2FAD006C809B /* Resources */ = {
			isa = PBXResourcesBuildPhase;
			buildActionMask = 2147483647;
			files = (
			);
			runOnlyForDeploymentPostprocessing = 0;
		};
		159AB0942C4C2FAD006C809B /* Resources */ = {
			isa = PBXResourcesBuildPhase;
			buildActionMask = 2147483647;
			files = (
			);
			runOnlyForDeploymentPostprocessing = 0;
		};
/* End PBXResourcesBuildPhase section */

/* Begin PBXSourcesBuildPhase section */
		159AB0772C4C2FAB006C809B /* Sources */ = {
			isa = PBXSourcesBuildPhase;
			buildActionMask = 2147483647;
			files = (
				159AB0812C4C2FAB006C809B /* ContentView.swift in Sources */,
				159AB07F2C4C2FAB006C809B /* SwiftToMermaidApp.swift in Sources */,
			);
			runOnlyForDeploymentPostprocessing = 0;
		};
		159AB0882C4C2FAD006C809B /* Sources */ = {
			isa = PBXSourcesBuildPhase;
			buildActionMask = 2147483647;
			files = (
				159AB0912C4C2FAD006C809B /* SwiftToMermaidTests.swift in Sources */,
			);
			runOnlyForDeploymentPostprocessing = 0;
		};
		159AB0922C4C2FAD006C809B /* Sources */ = {
			isa = PBXSourcesBuildPhase;
			buildActionMask = 2147483647;
			files = (
				159AB09B2C4C2FAD006C809B /* SwiftToMermaidUITests.swift in Sources */,
				159AB09D2C4C2FAD006C809B /* SwiftToMermaidUITestsLaunchTests.swift in Sources */,
			);
			runOnlyForDeploymentPostprocessing = 0;
		};
/* End PBXSourcesBuildPhase section */

/* Begin PBXTargetDependency section */
		159AB08E2C4C2FAD006C809B /* PBXTargetDependency */ = {
			isa = PBXTargetDependency;
			target = 159AB07A2C4C2FAB006C809B /* SwiftToMermaid */;
			targetProxy = 159AB08D2C4C2FAD006C809B /* PBXContainerItemProxy */;
		};
		159AB0982C4C2FAD006C809B /* PBXTargetDependency */ = {
			isa = PBXTargetDependency;
			target = 159AB07A2C4C2FAB006C809B /* SwiftToMermaid */;
			targetProxy = 159AB0972C4C2FAD006C809B /* PBXContainerItemProxy */;
		};
/* End PBXTargetDependency section */

/* Begin XCBuildConfiguration section */
		159AB09E2C4C2FAD006C809B /* Debug */ = {
			isa = XCBuildConfiguration;
			buildSettings = {
				ALWAYS_SEARCH_USER_PATHS = NO;
				ASSETCATALOG_COMPILER_GENERATE_SWIFT_ASSET_SYMBOL_EXTENSIONS = YES;
				CLANG_ANALYZER_NONNULL = YES;
				CLANG_ANALYZER_NUMBER_OBJECT_CONVERSION = YES_AGGRESSIVE;
				CLANG_CXX_LANGUAGE_STANDARD = "gnu++20";
				CLANG_ENABLE_MODULES = YES;
				CLANG_ENABLE_OBJC_ARC = YES;
				CLANG_ENABLE_OBJC_WEAK = YES;
				CLANG_WARN_BLOCK_CAPTURE_AUTORELEASING = YES;
				CLANG_WARN_BOOL_CONVERSION = YES;
				CLANG_WARN_COMMA = YES;
				CLANG_WARN_CONSTANT_CONVERSION = YES;
				CLANG_WARN_DEPRECATED_OBJC_IMPLEMENTATIONS = YES;
				CLANG_WARN_DIRECT_OBJC_ISA_USAGE = YES_ERROR;
				CLANG_WARN_DOCUMENTATION_COMMENTS = YES;
				CLANG_WARN_EMPTY_BODY = YES;
				CLANG_WARN_ENUM_CONVERSION = YES;
				CLANG_WARN_INFINITE_RECURSION = YES;
				CLANG_WARN_INT_CONVERSION = YES;
				CLANG_WARN_NON_LITERAL_NULL_CONVERSION = YES;
				CLANG_WARN_OBJC_IMPLICIT_RETAIN_SELF = YES;
				CLANG_WARN_OBJC_LITERAL_CONVERSION = YES;
				CLANG_WARN_OBJC_ROOT_CLASS = YES_ERROR;
				CLANG_WARN_QUOTED_INCLUDE_IN_FRAMEWORK_HEADER = YES;
				CLANG_WARN_RANGE_LOOP_ANALYSIS = YES;
				CLANG_WARN_STRICT_PROTOTYPES = YES;
				CLANG_WARN_SUSPICIOUS_MOVE = YES;
				CLANG_WARN_UNGUARDED_AVAILABILITY = YES_AGGRESSIVE;
				CLANG_WARN_UNREACHABLE_CODE = YES;
				CLANG_WARN__DUPLICATE_METHOD_MATCH = YES;
				COPY_PHASE_STRIP = NO;
				DEBUG_INFORMATION_FORMAT = dwarf;
				ENABLE_STRICT_OBJC_MSGSEND = YES;
				ENABLE_TESTABILITY = YES;
				ENABLE_USER_SCRIPT_SANDBOXING = YES;
				GCC_C_LANGUAGE_STANDARD = gnu17;
				GCC_DYNAMIC_NO_PIC = NO;
				GCC_NO_COMMON_BLOCKS = YES;
				GCC_OPTIMIZATION_LEVEL = 0;
				GCC_PREPROCESSOR_DEFINITIONS = (
					"DEBUG=1",
					"$(inherited)",
				);
				GCC_WARN_64_TO_32_BIT_CONVERSION = YES;
				GCC_WARN_ABOUT_RETURN_TYPE = YES_ERROR;
				GCC_WARN_UNDECLARED_SELECTOR = YES;
				GCC_WARN_UNINITIALIZED_AUTOS = YES_AGGRESSIVE;
				GCC_WARN_UNUSED_FUNCTION = YES;
				GCC_WARN_UNUSED_VARIABLE = YES;
				LOCALIZATION_PREFERS_STRING_CATALOGS = YES;
				MTL_ENABLE_DEBUG_INFO = INCLUDE_SOURCE;
				MTL_FAST_MATH = YES;
				ONLY_ACTIVE_ARCH = YES;
				SWIFT_ACTIVE_COMPILATION_CONDITIONS = "DEBUG $(inherited)";
				SWIFT_OPTIMIZATION_LEVEL = "-Onone";
			};
			name = Debug;
		};
		159AB09F2C4C2FAD006C809B /* Release */ = {
			isa = XCBuildConfiguration;
			buildSettings = {
				ALWAYS_SEARCH_USER_PATHS = NO;
				ASSETCATALOG_COMPILER_GENERATE_SWIFT_ASSET_SYMBOL_EXTENSIONS = YES;
				CLANG_ANALYZER_NONNULL = YES;
				CLANG_ANALYZER_NUMBER_OBJECT_CONVERSION = YES_AGGRESSIVE;
				CLANG_CXX_LANGUAGE_STANDARD = "gnu++20";
				CLANG_ENABLE_MODULES = YES;
				CLANG_ENABLE_OBJC_ARC = YES;
				CLANG_ENABLE_OBJC_WEAK = YES;
				CLANG_WARN_BLOCK_CAPTURE_AUTORELEASING = YES;
				CLANG_WARN_BOOL_CONVERSION = YES;
				CLANG_WARN_COMMA = YES;
				CLANG_WARN_CONSTANT_CONVERSION = YES;
				CLANG_WARN_DEPRECATED_OBJC_IMPLEMENTATIONS = YES;
				CLANG_WARN_DIRECT_OBJC_ISA_USAGE = YES_ERROR;
				CLANG_WARN_DOCUMENTATION_COMMENTS = YES;
				CLANG_WARN_EMPTY_BODY = YES;
				CLANG_WARN_ENUM_CONVERSION = YES;
				CLANG_WARN_INFINITE_RECURSION = YES;
				CLANG_WARN_INT_CONVERSION = YES;
				CLANG_WARN_NON_LITERAL_NULL_CONVERSION = YES;
				CLANG_WARN_OBJC_IMPLICIT_RETAIN_SELF = YES;
				CLANG_WARN_OBJC_LITERAL_CONVERSION = YES;
				CLANG_WARN_OBJC_ROOT_CLASS = YES_ERROR;
				CLANG_WARN_QUOTED_INCLUDE_IN_FRAMEWORK_HEADER = YES;
				CLANG_WARN_RANGE_LOOP_ANALYSIS = YES;
				CLANG_WARN_STRICT_PROTOTYPES = YES;
				CLANG_WARN_SUSPICIOUS_MOVE = YES;
				CLANG_WARN_UNGUARDED_AVAILABILITY = YES_AGGRESSIVE;
				CLANG_WARN_UNREACHABLE_CODE = YES;
				CLANG_WARN__DUPLICATE_METHOD_MATCH = YES;
				COPY_PHASE_STRIP = NO;
				DEBUG_INFORMATION_FORMAT = "dwarf-with-dsym";
				ENABLE_NS_ASSERTIONS = NO;
				ENABLE_STRICT_OBJC_MSGSEND = YES;
				ENABLE_USER_SCRIPT_SANDBOXING = YES;
				GCC_C_LANGUAGE_STANDARD = gnu17;
				GCC_NO_COMMON_BLOCKS = YES;
				GCC_WARN_64_TO_32_BIT_CONVERSION = YES;
				GCC_WARN_ABOUT_RETURN_TYPE = YES_ERROR;
				GCC_WARN_UNDECLARED_SELECTOR = YES;
				GCC_WARN_UNINITIALIZED_AUTOS = YES_AGGRESSIVE;
				GCC_WARN_UNUSED_FUNCTION = YES;
				GCC_WARN_UNUSED_VARIABLE = YES;
				LOCALIZATION_PREFERS_STRING_CATALOGS = YES;
				MTL_ENABLE_DEBUG_INFO = NO;
				MTL_FAST_MATH = YES;
				SWIFT_COMPILATION_MODE = wholemodule;
			};
			name = Release;
		};
		159AB0A12C4C2FAD006C809B /* Debug */ = {
			isa = XCBuildConfiguration;
			buildSettings = {
				ASSETCATALOG_COMPILER_APPICON_NAME = AppIcon;
				ASSETCATALOG_COMPILER_GLOBAL_ACCENT_COLOR_NAME = AccentColor;
				CODE_SIGN_ENTITLEMENTS = SwiftToMermaid/SwiftToMermaid.entitlements;
				CODE_SIGN_STYLE = Automatic;
				CURRENT_PROJECT_VERSION = 1;
				DEVELOPMENT_ASSET_PATHS = "\"SwiftToMermaid/Preview Content\"";
				DEVELOPMENT_TEAM = D72FSVQ62B;
				ENABLE_HARDENED_RUNTIME = YES;
				ENABLE_PREVIEWS = YES;
				GENERATE_INFOPLIST_FILE = YES;
				"INFOPLIST_KEY_UIApplicationSceneManifest_Generation[sdk=iphoneos*]" = YES;
				"INFOPLIST_KEY_UIApplicationSceneManifest_Generation[sdk=iphonesimulator*]" = YES;
				"INFOPLIST_KEY_UIApplicationSupportsIndirectInputEvents[sdk=iphoneos*]" = YES;
				"INFOPLIST_KEY_UIApplicationSupportsIndirectInputEvents[sdk=iphonesimulator*]" = YES;
				"INFOPLIST_KEY_UILaunchScreen_Generation[sdk=iphoneos*]" = YES;
				"INFOPLIST_KEY_UILaunchScreen_Generation[sdk=iphonesimulator*]" = YES;
				"INFOPLIST_KEY_UIStatusBarStyle[sdk=iphoneos*]" = UIStatusBarStyleDefault;
				"INFOPLIST_KEY_UIStatusBarStyle[sdk=iphonesimulator*]" = UIStatusBarStyleDefault;
				INFOPLIST_KEY_UISupportedInterfaceOrientations_iPad = "UIInterfaceOrientationPortrait UIInterfaceOrientationPortraitUpsideDown UIInterfaceOrientationLandscapeLeft UIInterfaceOrientationLandscapeRight";
				INFOPLIST_KEY_UISupportedInterfaceOrientations_iPhone = "UIInterfaceOrientationPortrait UIInterfaceOrientationLandscapeLeft UIInterfaceOrientationLandscapeRight";
				IPHONEOS_DEPLOYMENT_TARGET = 17.5;
				LD_RUNPATH_SEARCH_PATHS = "@executable_path/Frameworks";
				"LD_RUNPATH_SEARCH_PATHS[sdk=macosx*]" = "@executable_path/../Frameworks";
				MACOSX_DEPLOYMENT_TARGET = 14.5;
				MARKETING_VERSION = 1.0;
				PRODUCT_BUNDLE_IDENTIFIER = BP.SwiftToMermaid;
				PRODUCT_NAME = "$(TARGET_NAME)";
				SDKROOT = auto;
				SUPPORTED_PLATFORMS = "iphoneos iphonesimulator macosx";
				SWIFT_EMIT_LOC_STRINGS = YES;
				SWIFT_VERSION = 5.0;
				TARGETED_DEVICE_FAMILY = "1,2";
			};
			name = Debug;
		};
		159AB0A22C4C2FAD006C809B /* Release */ = {
			isa = XCBuildConfiguration;
			buildSettings = {
				ASSETCATALOG_COMPILER_APPICON_NAME = AppIcon;
				ASSETCATALOG_COMPILER_GLOBAL_ACCENT_COLOR_NAME = AccentColor;
				CODE_SIGN_ENTITLEMENTS = SwiftToMermaid/SwiftToMermaid.entitlements;
				CODE_SIGN_STYLE = Automatic;
				CURRENT_PROJECT_VERSION = 1;
				DEVELOPMENT_ASSET_PATHS = "\"SwiftToMermaid/Preview Content\"";
				DEVELOPMENT_TEAM = D72FSVQ62B;
				ENABLE_HARDENED_RUNTIME = YES;
				ENABLE_PREVIEWS = YES;
				GENERATE_INFOPLIST_FILE = YES;
				"INFOPLIST_KEY_UIApplicationSceneManifest_Generation[sdk=iphoneos*]" = YES;
				"INFOPLIST_KEY_UIApplicationSceneManifest_Generation[sdk=iphonesimulator*]" = YES;
				"INFOPLIST_KEY_UIApplicationSupportsIndirectInputEvents[sdk=iphoneos*]" = YES;
				"INFOPLIST_KEY_UIApplicationSupportsIndirectInputEvents[sdk=iphonesimulator*]" = YES;
				"INFOPLIST_KEY_UILaunchScreen_Generation[sdk=iphoneos*]" = YES;
				"INFOPLIST_KEY_UILaunchScreen_Generation[sdk=iphonesimulator*]" = YES;
				"INFOPLIST_KEY_UIStatusBarStyle[sdk=iphoneos*]" = UIStatusBarStyleDefault;
				"INFOPLIST_KEY_UIStatusBarStyle[sdk=iphonesimulator*]" = UIStatusBarStyleDefault;
				INFOPLIST_KEY_UISupportedInterfaceOrientations_iPad = "UIInterfaceOrientationPortrait UIInterfaceOrientationPortraitUpsideDown UIInterfaceOrientationLandscapeLeft UIInterfaceOrientationLandscapeRight";
				INFOPLIST_KEY_UISupportedInterfaceOrientations_iPhone = "UIInterfaceOrientationPortrait UIInterfaceOrientationLandscapeLeft UIInterfaceOrientationLandscapeRight";
				IPHONEOS_DEPLOYMENT_TARGET = 17.5;
				LD_RUNPATH_SEARCH_PATHS = "@executable_path/Frameworks";
				"LD_RUNPATH_SEARCH_PATHS[sdk=macosx*]" = "@executable_path/../Frameworks";
				MACOSX_DEPLOYMENT_TARGET = 14.5;
				MARKETING_VERSION = 1.0;
				PRODUCT_BUNDLE_IDENTIFIER = BP.SwiftToMermaid;
				PRODUCT_NAME = "$(TARGET_NAME)";
				SDKROOT = auto;
				SUPPORTED_PLATFORMS = "iphoneos iphonesimulator macosx";
				SWIFT_EMIT_LOC_STRINGS = YES;
				SWIFT_VERSION = 5.0;
				TARGETED_DEVICE_FAMILY = "1,2";
			};
			name = Release;
		};
		159AB0A42C4C2FAD006C809B /* Debug */ = {
			isa = XCBuildConfiguration;
			buildSettings = {
				ALWAYS_EMBED_SWIFT_STANDARD_LIBRARIES = YES;
				BUNDLE_LOADER = "$(TEST_HOST)";
				CODE_SIGN_STYLE = Automatic;
				CURRENT_PROJECT_VERSION = 1;
				DEVELOPMENT_TEAM = D72FSVQ62B;
				GENERATE_INFOPLIST_FILE = YES;
				IPHONEOS_DEPLOYMENT_TARGET = 17.5;
				MACOSX_DEPLOYMENT_TARGET = 14.5;
				MARKETING_VERSION = 1.0;
				PRODUCT_BUNDLE_IDENTIFIER = BP.SwiftToMermaidTests;
				PRODUCT_NAME = "$(TARGET_NAME)";
				SDKROOT = auto;
				SUPPORTED_PLATFORMS = "iphoneos iphonesimulator macosx";
				SWIFT_EMIT_LOC_STRINGS = NO;
				SWIFT_VERSION = 5.0;
				TARGETED_DEVICE_FAMILY = "1,2";
				TEST_HOST = "$(BUILT_PRODUCTS_DIR)/SwiftToMermaid.app/$(BUNDLE_EXECUTABLE_FOLDER_PATH)/SwiftToMermaid";
			};
			name = Debug;
		};
		159AB0A52C4C2FAD006C809B /* Release */ = {
			isa = XCBuildConfiguration;
			buildSettings = {
				ALWAYS_EMBED_SWIFT_STANDARD_LIBRARIES = YES;
				BUNDLE_LOADER = "$(TEST_HOST)";
				CODE_SIGN_STYLE = Automatic;
				CURRENT_PROJECT_VERSION = 1;
				DEVELOPMENT_TEAM = D72FSVQ62B;
				GENERATE_INFOPLIST_FILE = YES;
				IPHONEOS_DEPLOYMENT_TARGET = 17.5;
				MACOSX_DEPLOYMENT_TARGET = 14.5;
				MARKETING_VERSION = 1.0;
				PRODUCT_BUNDLE_IDENTIFIER = BP.SwiftToMermaidTests;
				PRODUCT_NAME = "$(TARGET_NAME)";
				SDKROOT = auto;
				SUPPORTED_PLATFORMS = "iphoneos iphonesimulator macosx";
				SWIFT_EMIT_LOC_STRINGS = NO;
				SWIFT_VERSION = 5.0;
				TARGETED_DEVICE_FAMILY = "1,2";
				TEST_HOST = "$(BUILT_PRODUCTS_DIR)/SwiftToMermaid.app/$(BUNDLE_EXECUTABLE_FOLDER_PATH)/SwiftToMermaid";
			};
			name = Release;
		};
		159AB0A72C4C2FAD006C809B /* Debug */ = {
			isa = XCBuildConfiguration;
			buildSettings = {
				ALWAYS_EMBED_SWIFT_STANDARD_LIBRARIES = YES;
				CODE_SIGN_STYLE = Automatic;
				CURRENT_PROJECT_VERSION = 1;
				DEVELOPMENT_TEAM = D72FSVQ62B;
				GENERATE_INFOPLIST_FILE = YES;
				IPHONEOS_DEPLOYMENT_TARGET = 17.5;
				MACOSX_DEPLOYMENT_TARGET = 14.5;
				MARKETING_VERSION = 1.0;
				PRODUCT_BUNDLE_IDENTIFIER = BP.SwiftToMermaidUITests;
				PRODUCT_NAME = "$(TARGET_NAME)";
				SDKROOT = auto;
				SUPPORTED_PLATFORMS = "iphoneos iphonesimulator macosx";
				SWIFT_EMIT_LOC_STRINGS = NO;
				SWIFT_VERSION = 5.0;
				TARGETED_DEVICE_FAMILY = "1,2";
				TEST_TARGET_NAME = SwiftToMermaid;
			};
			name = Debug;
		};
		159AB0A82C4C2FAD006C809B /* Release */ = {
			isa = XCBuildConfiguration;
			buildSettings = {
				ALWAYS_EMBED_SWIFT_STANDARD_LIBRARIES = YES;
				CODE_SIGN_STYLE = Automatic;
				CURRENT_PROJECT_VERSION = 1;
				DEVELOPMENT_TEAM = D72FSVQ62B;
				GENERATE_INFOPLIST_FILE = YES;
				IPHONEOS_DEPLOYMENT_TARGET = 17.5;
				MACOSX_DEPLOYMENT_TARGET = 14.5;
				MARKETING_VERSION = 1.0;
				PRODUCT_BUNDLE_IDENTIFIER = BP.SwiftToMermaidUITests;
				PRODUCT_NAME = "$(TARGET_NAME)";
				SDKROOT = auto;
				SUPPORTED_PLATFORMS = "iphoneos iphonesimulator macosx";
				SWIFT_EMIT_LOC_STRINGS = NO;
				SWIFT_VERSION = 5.0;
				TARGETED_DEVICE_FAMILY = "1,2";
				TEST_TARGET_NAME = SwiftToMermaid;
			};
			name = Release;
		};
/* End XCBuildConfiguration section */

/* Begin XCConfigurationList section */
		159AB0762C4C2FAB006C809B /* Build configuration list for PBXProject "SwiftToMermaid" */ = {
			isa = XCConfigurationList;
			buildConfigurations = (
				159AB09E2C4C2FAD006C809B /* Debug */,
				159AB09F2C4C2FAD006C809B /* Release */,
			);
			defaultConfigurationIsVisible = 0;
			defaultConfigurationName = Release;
		};
		159AB0A02C4C2FAD006C809B /* Build configuration list for PBXNativeTarget "SwiftToMermaid" */ = {
			isa = XCConfigurationList;
			buildConfigurations = (
				159AB0A12C4C2FAD006C809B /* Debug */,
				159AB0A22C4C2FAD006C809B /* Release */,
			);
			defaultConfigurationIsVisible = 0;
			defaultConfigurationName = Release;
		};
		159AB0A32C4C2FAD006C809B /* Build configuration list for PBXNativeTarget "SwiftToMermaidTests" */ = {
			isa = XCConfigurationList;
			buildConfigurations = (
				159AB0A42C4C2FAD006C809B /* Debug */,
				159AB0A52C4C2FAD006C809B /* Release */,
			);
			defaultConfigurationIsVisible = 0;
			defaultConfigurationName = Release;
		};
		159AB0A62C4C2FAD006C809B /* Build configuration list for PBXNativeTarget "SwiftToMermaidUITests" */ = {
			isa = XCConfigurationList;
			buildConfigurations = (
				159AB0A72C4C2FAD006C809B /* Debug */,
				159AB0A82C4C2FAD006C809B /* Release */,
			);
			defaultConfigurationIsVisible = 0;
			defaultConfigurationName = Release;
		};
/* End XCConfigurationList section */
	};
	rootObject = 159AB0732C4C2FAB006C809B /* Project object */;
}
